
Microsoft Visual Studio Solution File, Format Version 12.00
# Visual Studio Version 17
VisualStudioVersion = 17.3.32929.385
MinimumVisualStudioVersion = 10.0.40219.1
Project("{FAE04EC0-301F-11D3-BF4B-00C04F79EFBC}") = "WebAPI", "WebAPI\WebAPI.csproj", "{F82FEF7D-BD0D-4E51-A12D-BA504E4149AA}"
EndProject
Project("{FAE04EC0-301F-11D3-BF4B-00C04F79EFBC}") = "Olaeriu_Teodora_Lab11", "Olaeriu_Teodora_Lab11\Olaeriu_Teodora_Lab11.csproj", "{AF0DAAB2-5981-4C7F-842F-BD57F068DF0E}"
EndProject
Global
	GlobalSection(SolutionConfigurationPlatforms) = preSolution
		Debug|Any CPU = Debug|Any CPU
		Release|Any CPU = Release|Any CPU
	EndGlobalSection
	GlobalSection(ProjectConfigurationPlatforms) = postSolution
		{F82FEF7D-BD0D-4E51-A12D-BA504E4149AA}.Debug|Any CPU.ActiveCfg = Debug|Any CPU
		{F82FEF7D-BD0D-4E51-A12D-BA504E4149AA}.Debug|Any CPU.Build.0 = Debug|Any CPU
		{F82FEF7D-BD0D-4E51-A12D-BA504E4149AA}.Release|Any CPU.ActiveCfg = Release|Any CPU
		{F82FEF7D-BD0D-4E51-A12D-BA504E4149AA}.Release|Any CPU.Build.0 = Release|Any CPU
		{AF0DAAB2-5981-4C7F-842F-BD57F068DF0E}.Debug|Any CPU.ActiveCfg = Debug|Any CPU
		{AF0DAAB2-5981-4C7F-842F-BD57F068DF0E}.Debug|Any CPU.Build.0 = Debug|Any CPU
		{AF0DAAB2-5981-4C7F-842F-BD57F068DF0E}.Debug|Any CPU.Deploy.0 = Debug|Any CPU
		{AF0DAAB2-5981-4C7F-842F-BD57F068DF0E}.Release|Any CPU.ActiveCfg = Release|Any CPU
		{AF0DAAB2-5981-4C7F-842F-BD57F068DF0E}.Release|Any CPU.Build.0 = Release|Any CPU
		{AF0DAAB2-5981-4C7F-842F-BD57F068DF0E}.Release|Any CPU.Deploy.0 = Release|Any CPU
	EndGlobalSection
	GlobalSection(SolutionProperties) = preSolution
		HideSolutionNode = FALSE
	EndGlobalSection
	GlobalSection(ExtensibilityGlobals) = postSolution
		SolutionGuid = {65C42392-687E-4EAC-A679-E265637EC437}
	EndGlobalSection
EndGlobal
